
Microsoft Visual Studio Solution File, Format Version 12.00
# Visual Studio Version 16
VisualStudioVersion = 16.0.34031.81
MinimumVisualStudioVersion = 10.0.40219.1
Project("{FAE04EC0-301F-11D3-BF4B-00C04F79EFBC}") = "Harfdizisi.UI", "Harfdizisi.UI\Harfdizisi.UI.csproj", "{733180A3-2961-45E8-96CF-0361CBF8B7CB}"
EndProject
Global
	GlobalSection(SolutionConfigurationPlatforms) = preSolution
		Debug|Any CPU = Debug|Any CPU
		Release|Any CPU = Release|Any CPU
	EndGlobalSection
	GlobalSection(ProjectConfigurationPlatforms) = postSolution
		{733180A3-2961-45E8-96CF-0361CBF8B7CB}.Debug|Any CPU.ActiveCfg = Debug|Any CPU
		{733180A3-2961-45E8-96CF-0361CBF8B7CB}.Debug|Any CPU.Build.0 = Debug|Any CPU
		{733180A3-2961-45E8-96CF-0361CBF8B7CB}.Release|Any CPU.ActiveCfg = Release|Any CPU
		{733180A3-2961-45E8-96CF-0361CBF8B7CB}.Release|Any CPU.Build.0 = Release|Any CPU
	EndGlobalSection
	GlobalSection(SolutionProperties) = preSolution
		HideSolutionNode = FALSE
	EndGlobalSection
	GlobalSection(ExtensibilityGlobals) = postSolution
		SolutionGuid = {7F966565-3AFB-4EE1-B416-A56C1A73F69A}
	EndGlobalSection
EndGlobal
